
Microsoft Visual Studio Solution File, Format Version 12.00
# Visual Studio Version 16
VisualStudioVersion = 16.0.30907.101
MinimumVisualStudioVersion = 10.0.40219.1
Project("{9A19103F-16F7-4668-BE54-9A1E7A4F7556}") = "API", "API.csproj", "{7730CC21-111A-432C-9EDF-F5CA11D38D00}"
EndProject
Project("{9A19103F-16F7-4668-BE54-9A1E7A4F7556}") = "Users.Api", "..\Authentication\Users.Api.csproj", "{1A32D527-51F3-4FC3-B579-B826A29E894B}"
EndProject
Project("{9A19103F-16F7-4668-BE54-9A1E7A4F7556}") = "Configuration", "..\Configuration\Configuration.csproj", "{0932F9AE-0327-4DDF-BE9F-DD1684710074}"
EndProject
Project("{9A19103F-16F7-4668-BE54-9A1E7A4F7556}") = "Repository", "..\Repository\Repository.csproj", "{3AF2682C-0274-48DC-B39C-C948E3EBA632}"
EndProject
Project("{2150E333-8FDC-42A3-9474-1A3956D46DE8}") = "Users", "Users", "{DF89E39F-9163-4BE1-A9FB-1E2B2833F986}"
EndProject
Project("{9A19103F-16F7-4668-BE54-9A1E7A4F7556}") = "Users.Models", "..\Users.Models\Users.Models.csproj", "{F0B3C0D0-FC28-47FC-ABD4-84E0703BA79F}"
EndProject
Project("{9A19103F-16F7-4668-BE54-9A1E7A4F7556}") = "Users.Repository", "..\Users.Repository\Users.Repository.csproj", "{DFD30E6D-C934-4A9D-8596-4199487E6008}"
EndProject
Project("{2150E333-8FDC-42A3-9474-1A3956D46DE8}") = "Restaurants", "Restaurants", "{EEF994C6-C7AB-4252-9A98-DA49C7782AF8}"
EndProject
Project("{FAE04EC0-301F-11D3-BF4B-00C04F79EFBC}") = "Restaurants.Api", "..\Restaurants.Api\Restaurants.Api.csproj", "{75602719-B185-4856-B583-55B61970E148}"
EndProject
Project("{FAE04EC0-301F-11D3-BF4B-00C04F79EFBC}") = "Restaurants.Models", "..\Restaurants.Models\Restaurants.Models.csproj", "{DD0D8C0B-C1BB-4CAE-9983-5EA53BEA65CA}"
EndProject
Project("{FAE04EC0-301F-11D3-BF4B-00C04F79EFBC}") = "Restaurants.Repository", "..\Restaurants.Repository\Restaurants.Repository.csproj", "{0B1BB350-DAE9-4416-A766-0A6270131190}"
EndProject
Global
	GlobalSection(SolutionConfigurationPlatforms) = preSolution
		Debug|Any CPU = Debug|Any CPU
		Release|Any CPU = Release|Any CPU
	EndGlobalSection
	GlobalSection(ProjectConfigurationPlatforms) = postSolution
		{7730CC21-111A-432C-9EDF-F5CA11D38D00}.Debug|Any CPU.ActiveCfg = Debug|Any CPU
		{7730CC21-111A-432C-9EDF-F5CA11D38D00}.Debug|Any CPU.Build.0 = Debug|Any CPU
		{7730CC21-111A-432C-9EDF-F5CA11D38D00}.Release|Any CPU.ActiveCfg = Release|Any CPU
		{7730CC21-111A-432C-9EDF-F5CA11D38D00}.Release|Any CPU.Build.0 = Release|Any CPU
		{1A32D527-51F3-4FC3-B579-B826A29E894B}.Debug|Any CPU.ActiveCfg = Debug|Any CPU
		{1A32D527-51F3-4FC3-B579-B826A29E894B}.Debug|Any CPU.Build.0 = Debug|Any CPU
		{1A32D527-51F3-4FC3-B579-B826A29E894B}.Release|Any CPU.ActiveCfg = Release|Any CPU
		{1A32D527-51F3-4FC3-B579-B826A29E894B}.Release|Any CPU.Build.0 = Release|Any CPU
		{0932F9AE-0327-4DDF-BE9F-DD1684710074}.Debug|Any CPU.ActiveCfg = Debug|Any CPU
		{0932F9AE-0327-4DDF-BE9F-DD1684710074}.Debug|Any CPU.Build.0 = Debug|Any CPU
		{0932F9AE-0327-4DDF-BE9F-DD1684710074}.Release|Any CPU.ActiveCfg = Release|Any CPU
		{0932F9AE-0327-4DDF-BE9F-DD1684710074}.Release|Any CPU.Build.0 = Release|Any CPU
		{3AF2682C-0274-48DC-B39C-C948E3EBA632}.Debug|Any CPU.ActiveCfg = Debug|Any CPU
		{3AF2682C-0274-48DC-B39C-C948E3EBA632}.Debug|Any CPU.Build.0 = Debug|Any CPU
		{3AF2682C-0274-48DC-B39C-C948E3EBA632}.Release|Any CPU.ActiveCfg = Release|Any CPU
		{3AF2682C-0274-48DC-B39C-C948E3EBA632}.Release|Any CPU.Build.0 = Release|Any CPU
		{F0B3C0D0-FC28-47FC-ABD4-84E0703BA79F}.Debug|Any CPU.ActiveCfg = Debug|Any CPU
		{F0B3C0D0-FC28-47FC-ABD4-84E0703BA79F}.Debug|Any CPU.Build.0 = Debug|Any CPU
		{F0B3C0D0-FC28-47FC-ABD4-84E0703BA79F}.Release|Any CPU.ActiveCfg = Release|Any CPU
		{F0B3C0D0-FC28-47FC-ABD4-84E0703BA79F}.Release|Any CPU.Build.0 = Release|Any CPU
		{DFD30E6D-C934-4A9D-8596-4199487E6008}.Debug|Any CPU.ActiveCfg = Debug|Any CPU
		{DFD30E6D-C934-4A9D-8596-4199487E6008}.Debug|Any CPU.Build.0 = Debug|Any CPU
		{DFD30E6D-C934-4A9D-8596-4199487E6008}.Release|Any CPU.ActiveCfg = Release|Any CPU
		{DFD30E6D-C934-4A9D-8596-4199487E6008}.Release|Any CPU.Build.0 = Release|Any CPU
		{75602719-B185-4856-B583-55B61970E148}.Debug|Any CPU.ActiveCfg = Debug|Any CPU
		{75602719-B185-4856-B583-55B61970E148}.Debug|Any CPU.Build.0 = Debug|Any CPU
		{75602719-B185-4856-B583-55B61970E148}.Release|Any CPU.ActiveCfg = Release|Any CPU
		{75602719-B185-4856-B583-55B61970E148}.Release|Any CPU.Build.0 = Release|Any CPU
		{DD0D8C0B-C1BB-4CAE-9983-5EA53BEA65CA}.Debug|Any CPU.ActiveCfg = Debug|Any CPU
		{DD0D8C0B-C1BB-4CAE-9983-5EA53BEA65CA}.Debug|Any CPU.Build.0 = Debug|Any CPU
		{DD0D8C0B-C1BB-4CAE-9983-5EA53BEA65CA}.Release|Any CPU.ActiveCfg = Release|Any CPU
		{DD0D8C0B-C1BB-4CAE-9983-5EA53BEA65CA}.Release|Any CPU.Build.0 = Release|Any CPU
		{0B1BB350-DAE9-4416-A766-0A6270131190}.Debug|Any CPU.ActiveCfg = Debug|Any CPU
		{0B1BB350-DAE9-4416-A766-0A6270131190}.Debug|Any CPU.Build.0 = Debug|Any CPU
		{0B1BB350-DAE9-4416-A766-0A6270131190}.Release|Any CPU.ActiveCfg = Release|Any CPU
		{0B1BB350-DAE9-4416-A766-0A6270131190}.Release|Any CPU.Build.0 = Release|Any CPU
	EndGlobalSection
	GlobalSection(SolutionProperties) = preSolution
		HideSolutionNode = FALSE
	EndGlobalSection
	GlobalSection(NestedProjects) = preSolution
		{1A32D527-51F3-4FC3-B579-B826A29E894B} = {DF89E39F-9163-4BE1-A9FB-1E2B2833F986}
		{F0B3C0D0-FC28-47FC-ABD4-84E0703BA79F} = {DF89E39F-9163-4BE1-A9FB-1E2B2833F986}
		{DFD30E6D-C934-4A9D-8596-4199487E6008} = {DF89E39F-9163-4BE1-A9FB-1E2B2833F986}
		{75602719-B185-4856-B583-55B61970E148} = {EEF994C6-C7AB-4252-9A98-DA49C7782AF8}
		{DD0D8C0B-C1BB-4CAE-9983-5EA53BEA65CA} = {EEF994C6-C7AB-4252-9A98-DA49C7782AF8}
		{0B1BB350-DAE9-4416-A766-0A6270131190} = {EEF994C6-C7AB-4252-9A98-DA49C7782AF8}
	EndGlobalSection
	GlobalSection(ExtensibilityGlobals) = postSolution
		SolutionGuid = {8F91DE39-D975-476E-B53B-7EB4771D96BC}
	EndGlobalSection
EndGlobal
